
Microsoft Visual Studio Solution File, Format Version 12.00
# Visual Studio Version 16
VisualStudioVersion = 16.0.810.19
MinimumVisualStudioVersion = 10.0.40219.1
Project("{FAE04EC0-301F-11D3-BF4B-00C04F79EFBC}") = "csharptest", "csharptest\csharptest.csproj", "{FB827EEC-6E55-482A-B80E-4133182B6E1D}"
EndProject
Global
	GlobalSection(SolutionConfigurationPlatforms) = preSolution
		Debug|Any CPU = Debug|Any CPU
		Release|Any CPU = Release|Any CPU
	EndGlobalSection
	GlobalSection(ProjectConfigurationPlatforms) = postSolution
		{FB827EEC-6E55-482A-B80E-4133182B6E1D}.Debug|Any CPU.ActiveCfg = Debug|Any CPU
		{FB827EEC-6E55-482A-B80E-4133182B6E1D}.Debug|Any CPU.Build.0 = Debug|Any CPU
		{FB827EEC-6E55-482A-B80E-4133182B6E1D}.Release|Any CPU.ActiveCfg = Release|Any CPU
		{FB827EEC-6E55-482A-B80E-4133182B6E1D}.Release|Any CPU.Build.0 = Release|Any CPU
	EndGlobalSection
	GlobalSection(SolutionProperties) = preSolution
		HideSolutionNode = FALSE
	EndGlobalSection
	GlobalSection(ExtensibilityGlobals) = postSolution
		SolutionGuid = {3A591F02-57AC-43FD-AA57-87562DD5A52A}
	EndGlobalSection
EndGlobal
